// !$*UTF8*$!
{
	archiveVersion = 1;
	classes = {
	};
	objectVersion = 50;
	objects = {

/* Begin PBXGroup section */
		FC2C6F6C219969AC00A8B018 = {
			isa = PBXGroup;
			children = (
			);
			sourceTree = "<group>";
		};
/* End PBXGroup section */

/* Begin PBXProject section */
		FC2C6F6D219969AC00A8B018 /* Project object */ = {
			isa = PBXProject;
			attributes = {
				LastUpgradeCheck = 1010;
			};
			buildConfigurationList = FC2C6F70219969AC00A8B018 /* Build configuration list for PBXProject "HookDylib" */;
			compatibilityVersion = "Xcode 9.3";
			developmentRegion = en;
			hasScannedForEncodings = 0;
			knownRegions = (
				en,
			);
			mainGroup = FC2C6F6C219969AC00A8B018;
			projectDirPath = "";
			projectRoot = "";
			targets = (
			);
		};
/* End PBXProject section */

/* Begin XCBuildConfiguration section */
		FC2C6F71219969AC00A8B018 /* Debug */ = {
			isa = XCBuildConfiguration;
			buildSettings = {
			};
			name = Debug;
		};
		FC2C6F72219969AC00A8B018 /* Release */ = {
			isa = XCBuildConfiguration;
			buildSettings = {
			};
			name = Release;
		};
/* End XCBuildConfiguration section */

/* Begin XCConfigurationList section */
		FC2C6F70219969AC00A8B018 /* Build configuration list for PBXProject "HookDylib" */ = {
			isa = XCConfigurationList;
			buildConfigurations = (
				FC2C6F71219969AC00A8B018 /* Debug */,
				FC2C6F72219969AC00A8B018 /* Release */,
			);
			defaultConfigurationIsVisible = 0;
			defaultConfigurationName = Release;
		};
/* End XCConfigurationList section */
	};
	rootObject = FC2C6F6D219969AC00A8B018 /* Project object */;
}
